
Microsoft Visual Studio Solution File, Format Version 12.00
# Visual Studio Version 17
VisualStudioVersion = 17.12.35527.113 d17.12
MinimumVisualStudioVersion = 10.0.40219.1
Project("{FAE04EC0-301F-11D3-BF4B-00C04F79EFBC}") = "EFCore_Web", "EFCore_Web\EFCore_Web.csproj", "{53E7EA95-D2A1-48CB-9964-DA84BCC09D74}"
EndProject
Project("{FAE04EC0-301F-11D3-BF4B-00C04F79EFBC}") = "EFCore_DataAccess", "EFCore_DataAccess\EFCore_DataAccess.csproj", "{F7EC54B3-ED8C-4D82-8BF5-E3DA12FE48F5}"
EndProject
Project("{FAE04EC0-301F-11D3-BF4B-00C04F79EFBC}") = "EFCore_Models", "EFCore_Models\EFCore_Models.csproj", "{C24A8A1F-0A89-4A53-B494-910F7E848078}"
EndProject
Global
	GlobalSection(SolutionConfigurationPlatforms) = preSolution
		Debug|Any CPU = Debug|Any CPU
		Release|Any CPU = Release|Any CPU
	EndGlobalSection
	GlobalSection(ProjectConfigurationPlatforms) = postSolution
		{53E7EA95-D2A1-48CB-9964-DA84BCC09D74}.Debug|Any CPU.ActiveCfg = Debug|Any CPU
		{53E7EA95-D2A1-48CB-9964-DA84BCC09D74}.Debug|Any CPU.Build.0 = Debug|Any CPU
		{53E7EA95-D2A1-48CB-9964-DA84BCC09D74}.Release|Any CPU.ActiveCfg = Release|Any CPU
		{53E7EA95-D2A1-48CB-9964-DA84BCC09D74}.Release|Any CPU.Build.0 = Release|Any CPU
		{F7EC54B3-ED8C-4D82-8BF5-E3DA12FE48F5}.Debug|Any CPU.ActiveCfg = Debug|Any CPU
		{F7EC54B3-ED8C-4D82-8BF5-E3DA12FE48F5}.Debug|Any CPU.Build.0 = Debug|Any CPU
		{F7EC54B3-ED8C-4D82-8BF5-E3DA12FE48F5}.Release|Any CPU.ActiveCfg = Release|Any CPU
		{F7EC54B3-ED8C-4D82-8BF5-E3DA12FE48F5}.Release|Any CPU.Build.0 = Release|Any CPU
		{C24A8A1F-0A89-4A53-B494-910F7E848078}.Debug|Any CPU.ActiveCfg = Debug|Any CPU
		{C24A8A1F-0A89-4A53-B494-910F7E848078}.Debug|Any CPU.Build.0 = Debug|Any CPU
		{C24A8A1F-0A89-4A53-B494-910F7E848078}.Release|Any CPU.ActiveCfg = Release|Any CPU
		{C24A8A1F-0A89-4A53-B494-910F7E848078}.Release|Any CPU.Build.0 = Release|Any CPU
	EndGlobalSection
	GlobalSection(SolutionProperties) = preSolution
		HideSolutionNode = FALSE
	EndGlobalSection
EndGlobal
